{
    "_meta": {
        "hash": {
            "sha256": "1495140bf1fd8094b8b89a606e31bff11fa7b4ecd2e34549daae8caf379fb140"
        },
        "pipfile-spec": 6,
        "requires": {
            "python_version": "3.8"
        },
        "sources": [
            {
                "name": "pypi",
                "url": "https://pypi.python.org/simple",
                "verify_ssl": true
            }
        ]
    },
    "default": {
        "docopt": {
            "hashes": [
                "sha256:49b3a825280bd66b3aa83585ef59c4a8c82f2c8a522dbe754a8bc8d08c85c491"
            ],
            "index": "pypi",
            "version": "==0.6.2"
        },
        "parameterized": {
            "hashes": [
                "sha256:41bbff37d6186430f77f900d777e5bb6a24928a1c46fb1de692f8b52b8833b5c",
                "sha256:9cbb0b69a03e8695d68b3399a8a5825200976536fe1cb79db60ed6a4c8c9efe9"
            ],
            "index": "pypi",
            "version": "==0.8.1"
        },
        "prettytable": {
            "hashes": [
                "sha256:5882ed9092b391bb8f6e91f59bcdbd748924ff556bb7c634089d5519be87baa0",
                "sha256:bb5abc72bdfae6f3cdadb04fb7726f6915af0ddb7c897a41d4ad7736d9bfd8fd"
            ],
            "index": "pypi",
            "version": "==2.1.0"
        },
        "six": {
            "hashes": [
                "sha256:30639c035cdb23534cd4aa2dd52c3bf48f06e5f4a941509c8bafd8ce11080259",
                "sha256:8b74bedcbbbaca38ff6d7491d76f2b06b3592611af620f8426e82dddb04a5ced"
            ],
            "version": "==1.15.0"
        },
        "texttables": {
            "hashes": [
                "sha256:9406156e954e391e2d93256a243e19bacb032f73d934aabf3dbda5a389c42bbf",
                "sha256:c4b3f238cfeb475449a4869367f9125f7f36f5bba9660583e5cd5aa4ae90dbfe"
            ],
            "index": "pypi",
            "version": "==1.0.1"
        },
        "wcwidth": {
            "hashes": [
                "sha256:beb4802a9cebb9144e99086eff703a642a13d6a0052920003a230f3294bbe784",
                "sha256:c4d647b99872929fdb7bdcaa4fbe7f01413ed3d98077df798530e5b04f116c83"
            ],
            "version": "==0.2.5"
        }
    },
    "develop": {}
}
